Microsoft Visual Studio Solution File, Format Version 12.00
# Visual Studio Version 17
VisualStudioVersion = 17.5.2.0
MinimumVisualStudioVersion = 10.0.40219.1
Project("{FAE04EC0-301F-11D3-BF4B-00C04F79EFBC}") = "Alice Online", "SecuritySuite\Alice Online.csproj", "{CADD4CD4-405D-4A6D-DF97-40CA82D09B32}"
EndProject
Project("{FAE04EC0-301F-11D3-BF4B-00C04F79EFBC}") = "Alice Web", "SecuritySuite\Alice Web.csproj", "{0C2DF6D5-2BB0-9673-E2AC-2BC7524EE491}"
EndProject
Global
	GlobalSection(SolutionConfigurationPlatforms) = preSolution
		Debug|Any CPU = Debug|Any CPU
		Release|Any CPU = Release|Any CPU
	EndGlobalSection
	GlobalSection(ProjectConfigurationPlatforms) = postSolution
		{CADD4CD4-405D-4A6D-DF97-40CA82D09B32}.Debug|Any CPU.ActiveCfg = Debug|Any CPU
		{CADD4CD4-405D-4A6D-DF97-40CA82D09B32}.Debug|Any CPU.Build.0 = Debug|Any CPU
		{CADD4CD4-405D-4A6D-DF97-40CA82D09B32}.Release|Any CPU.ActiveCfg = Release|Any CPU
		{CADD4CD4-405D-4A6D-DF97-40CA82D09B32}.Release|Any CPU.Build.0 = Release|Any CPU
		{0C2DF6D5-2BB0-9673-E2AC-2BC7524EE491}.Debug|Any CPU.ActiveCfg = Debug|Any CPU
		{0C2DF6D5-2BB0-9673-E2AC-2BC7524EE491}.Debug|Any CPU.Build.0 = Debug|Any CPU
		{0C2DF6D5-2BB0-9673-E2AC-2BC7524EE491}.Release|Any CPU.ActiveCfg = Release|Any CPU
		{0C2DF6D5-2BB0-9673-E2AC-2BC7524EE491}.Release|Any CPU.Build.0 = Release|Any CPU
	EndGlobalSection
	GlobalSection(SolutionProperties) = preSolution
		HideSolutionNode = FALSE
	EndGlobalSection
	GlobalSection(ExtensibilityGlobals) = postSolution
		SolutionGuid = {CE27F5B0-57A9-49D5-B307-6C23D1548656}
	EndGlobalSection
EndGlobal
